
Microsoft Visual Studio Solution File, Format Version 12.00
# Visual Studio Version 17
VisualStudioVersion = 17.14.36203.30 d17.14
MinimumVisualStudioVersion = 10.0.40219.1
Project("{FAE04EC0-301F-11D3-BF4B-00C04F79EFBC}") = "LAB04 -Act1-Santiago Mena", "LAB04 -Act1-Santiago Mena\LAB04 -Act1-Santiago Mena.csproj", "{E43BC2DF-FE0B-4EFF-A74B-953FB1CD8634}"
EndProject
Global
	GlobalSection(SolutionConfigurationPlatforms) = preSolution
		Debug|Any CPU = Debug|Any CPU
		Release|Any CPU = Release|Any CPU
	EndGlobalSection
	GlobalSection(ProjectConfigurationPlatforms) = postSolution
		{E43BC2DF-FE0B-4EFF-A74B-953FB1CD8634}.Debug|Any CPU.ActiveCfg = Debug|Any CPU
		{E43BC2DF-FE0B-4EFF-A74B-953FB1CD8634}.Debug|Any CPU.Build.0 = Debug|Any CPU
		{E43BC2DF-FE0B-4EFF-A74B-953FB1CD8634}.Release|Any CPU.ActiveCfg = Release|Any CPU
		{E43BC2DF-FE0B-4EFF-A74B-953FB1CD8634}.Release|Any CPU.Build.0 = Release|Any CPU
	EndGlobalSection
	GlobalSection(SolutionProperties) = preSolution
		HideSolutionNode = FALSE
	EndGlobalSection
	GlobalSection(ExtensibilityGlobals) = postSolution
		SolutionGuid = {7F9C9A58-9B7C-4A46-B691-6B00CC3AE3E7}
	EndGlobalSection
EndGlobal
