
Microsoft Visual Studio Solution File, Format Version 12.00
# Visual Studio Version 17
VisualStudioVersion = 17.14.36203.30 d17.14
MinimumVisualStudioVersion = 10.0.40219.1
Project("{FAE04EC0-301F-11D3-BF4B-00C04F79EFBC}") = "Lab03-Act02-Santiago Mena", "Lab03-Act02-Santiago Mena\Lab03-Act02-Santiago Mena.csproj", "{32FD5B2E-CC3E-4BAC-A07E-7B1D8ADFE49A}"
EndProject
Global
	GlobalSection(SolutionConfigurationPlatforms) = preSolution
		Debug|Any CPU = Debug|Any CPU
		Release|Any CPU = Release|Any CPU
	EndGlobalSection
	GlobalSection(ProjectConfigurationPlatforms) = postSolution
		{32FD5B2E-CC3E-4BAC-A07E-7B1D8ADFE49A}.Debug|Any CPU.ActiveCfg = Debug|Any CPU
		{32FD5B2E-CC3E-4BAC-A07E-7B1D8ADFE49A}.Debug|Any CPU.Build.0 = Debug|Any CPU
		{32FD5B2E-CC3E-4BAC-A07E-7B1D8ADFE49A}.Release|Any CPU.ActiveCfg = Release|Any CPU
		{32FD5B2E-CC3E-4BAC-A07E-7B1D8ADFE49A}.Release|Any CPU.Build.0 = Release|Any CPU
	EndGlobalSection
	GlobalSection(SolutionProperties) = preSolution
		HideSolutionNode = FALSE
	EndGlobalSection
	GlobalSection(ExtensibilityGlobals) = postSolution
		SolutionGuid = {B37E469E-34F5-458A-9C4C-7157FD58D418}
	EndGlobalSection
EndGlobal
